
Microsoft Visual Studio Solution File, Format Version 12.00
# Visual Studio 2017
Project("{FAE04EC0-301F-11D3-BF4B-00C04F79EFBC}") = "Terminator- Desire is Irrelavent", "Terminator- Desire is Irrelavent.csproj", "{53201477-8962-08D2-7B8C-405DF0D88D69}"
EndProject
Project("{FAE04EC0-301F-11D3-BF4B-00C04F79EFBC}") = "Terminator- Desire is Irrelavent", "Terminator- Desire is Irrelavent.csproj", "{53201477-8962-08D2-7B8C-405DF0D88D69}"
EndProject
Project("{FAE04EC0-301F-11D3-BF4B-00C04F79EFBC}") = "Terminator- Desire is Irrelavent.Editor", "Terminator- Desire is Irrelavent.Editor.csproj", "{D46D6E25-68A1-26DF-8AE0-D9464BC5E557}"
EndProject
Project("{FAE04EC0-301F-11D3-BF4B-00C04F79EFBC}") = "Terminator- Desire is Irrelavent.Editor", "Terminator- Desire is Irrelavent.Editor.csproj", "{D46D6E25-68A1-26DF-8AE0-D9464BC5E557}"
EndProject
Project("{FAE04EC0-301F-11D3-BF4B-00C04F79EFBC}") = "Terminator- Desire is Irrelavent.Editor", "Terminator- Desire is Irrelavent.Editor.csproj", "{D46D6E25-68A1-26DF-8AE0-D9464BC5E557}"
EndProject
Project("{FAE04EC0-301F-11D3-BF4B-00C04F79EFBC}") = "Terminator- Desire is Irrelavent.Editor", "Terminator- Desire is Irrelavent.Editor.csproj", "{D46D6E25-68A1-26DF-8AE0-D9464BC5E557}"
EndProject
Global
	GlobalSection(SolutionConfigurationPlatforms) = preSolution
		Debug|Any CPU = Debug|Any CPU
		Release|Any CPU = Release|Any CPU
	EndGlobalSection
	GlobalSection(ProjectConfigurationPlatforms) = postSolution
		{53201477-8962-08D2-7B8C-405DF0D88D69}.Debug|Any CPU.ActiveCfg = Debug|Any CPU
		{53201477-8962-08D2-7B8C-405DF0D88D69}.Debug|Any CPU.Build.0 = Debug|Any CPU
		{53201477-8962-08D2-7B8C-405DF0D88D69}.Release|Any CPU.ActiveCfg = Release|Any CPU
		{53201477-8962-08D2-7B8C-405DF0D88D69}.Release|Any CPU.Build.0 = Release|Any CPU
		{53201477-8962-08D2-7B8C-405DF0D88D69}.Debug|Any CPU.ActiveCfg = Debug|Any CPU
		{53201477-8962-08D2-7B8C-405DF0D88D69}.Debug|Any CPU.Build.0 = Debug|Any CPU
		{53201477-8962-08D2-7B8C-405DF0D88D69}.Release|Any CPU.ActiveCfg = Release|Any CPU
		{53201477-8962-08D2-7B8C-405DF0D88D69}.Release|Any CPU.Build.0 = Release|Any CPU
		{D46D6E25-68A1-26DF-8AE0-D9464BC5E557}.Debug|Any CPU.ActiveCfg = Debug|Any CPU
		{D46D6E25-68A1-26DF-8AE0-D9464BC5E557}.Debug|Any CPU.Build.0 = Debug|Any CPU
		{D46D6E25-68A1-26DF-8AE0-D9464BC5E557}.Release|Any CPU.ActiveCfg = Release|Any CPU
		{D46D6E25-68A1-26DF-8AE0-D9464BC5E557}.Release|Any CPU.Build.0 = Release|Any CPU
		{D46D6E25-68A1-26DF-8AE0-D9464BC5E557}.Debug|Any CPU.ActiveCfg = Debug|Any CPU
		{D46D6E25-68A1-26DF-8AE0-D9464BC5E557}.Debug|Any CPU.Build.0 = Debug|Any CPU
		{D46D6E25-68A1-26DF-8AE0-D9464BC5E557}.Release|Any CPU.ActiveCfg = Release|Any CPU
		{D46D6E25-68A1-26DF-8AE0-D9464BC5E557}.Release|Any CPU.Build.0 = Release|Any CPU
		{D46D6E25-68A1-26DF-8AE0-D9464BC5E557}.Debug|Any CPU.ActiveCfg = Debug|Any CPU
		{D46D6E25-68A1-26DF-8AE0-D9464BC5E557}.Debug|Any CPU.Build.0 = Debug|Any CPU
		{D46D6E25-68A1-26DF-8AE0-D9464BC5E557}.Release|Any CPU.ActiveCfg = Release|Any CPU
		{D46D6E25-68A1-26DF-8AE0-D9464BC5E557}.Release|Any CPU.Build.0 = Release|Any CPU
		{D46D6E25-68A1-26DF-8AE0-D9464BC5E557}.Debug|Any CPU.ActiveCfg = Debug|Any CPU
		{D46D6E25-68A1-26DF-8AE0-D9464BC5E557}.Debug|Any CPU.Build.0 = Debug|Any CPU
		{D46D6E25-68A1-26DF-8AE0-D9464BC5E557}.Release|Any CPU.ActiveCfg = Release|Any CPU
		{D46D6E25-68A1-26DF-8AE0-D9464BC5E557}.Release|Any CPU.Build.0 = Release|Any CPU
	EndGlobalSection
	GlobalSection(SolutionProperties) = preSolution
		HideSolutionNode = FALSE
	EndGlobalSection
EndGlobal
